// !$*UTF8*$!
{
	archiveVersion = 1;
	classes = {
	};
	objectVersion = 77;
	objects = {

/* Begin PBXBuildFile section */
		026E8001714E396B8B527DCF /* InvoiceService.swift in Sources */ = {isa = PBXBuildFile; fileRef = C8DCC6F112B88D868F25F0E1 /* InvoiceService.swift */; };
		0767B54D4D48F26B5D6F40A0 /* ContractEquipmentViews.swift in Sources */ = {isa = PBXBuildFile; fileRef = AD924446EA8D4631B12842AE /* ContractEquipmentViews.swift */; };
		0A5EF5D77664E7707BDA2EA7 /* MainTabView.swift in Sources */ = {isa = PBXBuildFile; fileRef = C0DF05D95A9EBA8860D8DBB8 /* MainTabView.swift */; };
		0CEA68A77A68696CA082C9CE /* OfferGrenke.swift in Sources */ = {isa = PBXBuildFile; fileRef = ED42239FB3FB368F4833D0C5 /* OfferGrenke.swift */; };
		0CECF6D9EF7776D05597889F /* StockSheets.swift in Sources */ = {isa = PBXBuildFile; fileRef = 9D1D1FB339C428F8A2DA2DB6 /* StockSheets.swift */; };
		1771175964AD92FB5993656F /* LoginView.swift in Sources */ = {isa = PBXBuildFile; fileRef = CF1F7A59542BE49F8BF78F2A /* LoginView.swift */; };
		1B0D6B50859F8508D2C0DF36 /* Models.swift in Sources */ = {isa = PBXBuildFile; fileRef = 86E841052BF0F6EE02165321 /* Models.swift */; };
		1B1D102B45672B1EBBE4A200 /* ContractService.swift in Sources */ = {isa = PBXBuildFile; fileRef = 1F569435F5CF63531F58DBA9 /* ContractService.swift */; };
		21068A2F2B259426AE801A2E /* DashboardView.swift in Sources */ = {isa = PBXBuildFile; fileRef = 46380AF088DAB40EFBECE741 /* DashboardView.swift */; };
		2453AC205CA13D7DC313895B /* KycScore.swift in Sources */ = {isa = PBXBuildFile; fileRef = DC03BF0FF774A0F65F838EFC /* KycScore.swift */; };
		2E42B2A6C447ECA575E5ECBB /* CreateOfferView.swift in Sources */ = {isa = PBXBuildFile; fileRef = 7F553EE778580553E436235E /* CreateOfferView.swift */; };
		318BDC3C18376CC220863B93 /* ContractModels.swift in Sources */ = {isa = PBXBuildFile; fileRef = F7DBAA2CA106D3A79738E53F /* ContractModels.swift */; };
		32BBDAF7B0EDB599170F850A /* Signature.swift in Sources */ = {isa = PBXBuildFile; fileRef = CEDB5BB98190D6391D5AB23A /* Signature.swift */; };
		34C6FB7A205FA8FA6B32BDAE /* CatalogSections.swift in Sources */ = {isa = PBXBuildFile; fileRef = 937081EBC18270BEAA4E7A26 /* CatalogSections.swift */; };
		34D82777B77C9FAA834B039D /* OfferStatus.swift in Sources */ = {isa = PBXBuildFile; fileRef = D3CE2FB7818B397D8EDB0D33 /* OfferStatus.swift */; };
		36FFE58ABA95142C4E8026A4 /* OpportunityDetail.swift in Sources */ = {isa = PBXBuildFile; fileRef = 401375ED2CC7D6B1B2A74076 /* OpportunityDetail.swift */; };
		38EA40CB51C96BA7037C8A36 /* OfferDetail.swift in Sources */ = {isa = PBXBuildFile; fileRef = A8B6C1BB3AF15E59220DF0DD /* OfferDetail.swift */; };
		3B0D25F6A60FB88C1CE036CC /* DetailViews.swift in Sources */ = {isa = PBXBuildFile; fileRef = A5FC880A0231FA91C406E378 /* DetailViews.swift */; };
		452B92E5393CDB26EFA738C5 /* OffersView.swift in Sources */ = {isa = PBXBuildFile; fileRef = 1723DCC3D2E4252542E22513 /* OffersView.swift */; };
		478396FA9FE6A24D6EA5CB39 /* ContractPanels.swift in Sources */ = {isa = PBXBuildFile; fileRef = C9C6FFA6F72F8F102957B36F /* ContractPanels.swift */; };
		48F4F67A84477073EE497DF2 /* ContractDetailView.swift in Sources */ = {isa = PBXBuildFile; fileRef = 496AF137DA9C760F336A729B /* ContractDetailView.swift */; };
		4A7079BEFE2AA4045DF0B9C9 /* ClientForm.swift in Sources */ = {isa = PBXBuildFile; fileRef = 8A60891B4087A9F459B2E3F8 /* ClientForm.swift */; };
		4AE78B6DC9CF2DEBC354D59C /* OfferActions.swift in Sources */ = {isa = PBXBuildFile; fileRef = E5DA416A37DF745C8B2DAFEF /* OfferActions.swift */; };
		5257A9665D0C341867E3F43F /* ProductPicker.swift in Sources */ = {isa = PBXBuildFile; fileRef = 105156D405D7D398B8B39455 /* ProductPicker.swift */; };
		5262425100583249DB10A055 /* OpportunityForm.swift in Sources */ = {isa = PBXBuildFile; fileRef = E8E146A0E5C823413E2BD71B /* OpportunityForm.swift */; };
		65A1FD1C9B46E2AF7DEC23D1 /* LockScreen.swift in Sources */ = {isa = PBXBuildFile; fileRef = 07884D978BA112AF0E83306F /* LockScreen.swift */; };
		686AA662811EE4338AEB95EE /* Supabase.swift in Sources */ = {isa = PBXBuildFile; fileRef = A4FDDD8B5CC41B5F71E94EA7 /* Supabase.swift */; };
		703E67CDAF56DCD35C317A09 /* CatalogService.swift in Sources */ = {isa = PBXBuildFile; fileRef = 22599D844FD96EAEBE7ED293 /* CatalogService.swift */; };
		750308946C6D605A6625F90D /* Keychain.swift in Sources */ = {isa = PBXBuildFile; fileRef = C75FCBA0CBC37D0284A69DA9 /* Keychain.swift */; };
		7658D537DB572BF5F038E85F /* OfferInsights.swift in Sources */ = {isa = PBXBuildFile; fileRef = FCF099E54122E558384E6DEF /* OfferInsights.swift */; };
		77BDA0DF9B99CA00BBA7761C /* StockSections.swift in Sources */ = {isa = PBXBuildFile; fileRef = 86D49E189D241EE14E407E02 /* StockSections.swift */; };
		7A7B0842DBD1D016E09EDE67 /* Session.swift in Sources */ = {isa = PBXBuildFile; fileRef = 3C10B734FD7CD6C650387A80 /* Session.swift */; };
		7ECE2F064401FF8B5989B99D /* SupportAndSettings.swift in Sources */ = {isa = PBXBuildFile; fileRef = 4D56372CF221DDF33B31B7F1 /* SupportAndSettings.swift */; };
		82DB37171C02213969DBBC89 /* Dialer.swift in Sources */ = {isa = PBXBuildFile; fileRef = BE7D4ECC8A29650C37690F46 /* Dialer.swift */; };
		84580500869AC53DEC3F7353 /* StockModels.swift in Sources */ = {isa = PBXBuildFile; fileRef = 804E9D648D557CA166E7C854 /* StockModels.swift */; };
		84BFE4A7396EC2040C633417 /* InvoicingView.swift in Sources */ = {isa = PBXBuildFile; fileRef = 34634FE7A617B48535B916D6 /* InvoicingView.swift */; };
		85DBF7FDD565B0F5FCDD012E /* ContractsListView.swift in Sources */ = {isa = PBXBuildFile; fileRef = F1FD9D81F4B2F9E166CCC752 /* ContractsListView.swift */; };
		861B6586D552EDADDBEADF09 /* InvoiceSheets.swift in Sources */ = {isa = PBXBuildFile; fileRef = C910C27816F52CB018BD786D /* InvoiceSheets.swift */; };
		8C9020ABA0FFA0D5A8CDBAB2 /* RootView.swift in Sources */ = {isa = PBXBuildFile; fileRef = FEA847C5B5FF2DC3208A4477 /* RootView.swift */; };
		9A54DBCF27C63E1D0475D00E /* InvoiceModels.swift in Sources */ = {isa = PBXBuildFile; fileRef = FF1D20D918AA92956559B805 /* InvoiceModels.swift */; };
		9B3D69F70A473C6CB702E687 /* OffersKanban.swift in Sources */ = {isa = PBXBuildFile; fileRef = FDB7CC1F3F9D0FED2259DF13 /* OffersKanban.swift */; };
		A00CE7BFCAE1E788323DC53B /* StockService.swift in Sources */ = {isa = PBXBuildFile; fileRef = AF78F9179FB2FA34768472DC /* StockService.swift */; };
		A33AC86D646F947ACF40063E /* AuthStore.swift in Sources */ = {isa = PBXBuildFile; fileRef = 17BCE13BEE2375330A930CF8 /* AuthStore.swift */; };
		A542118233725E68A781D587 /* Scoring.swift in Sources */ = {isa = PBXBuildFile; fileRef = AD8F515CE7EB29AB05A29821 /* Scoring.swift */; };
		A837F389D8C58D0B494FB385 /* EditOffer.swift in Sources */ = {isa = PBXBuildFile; fileRef = 30F2B85A21AF7A68A197C953 /* EditOffer.swift */; };
		AB0C2936C8B0346A12C1516A /* InvoiceDetailScreen.swift in Sources */ = {isa = PBXBuildFile; fileRef = D9D30815FFD767385F117684 /* InvoiceDetailScreen.swift */; };
		AE5C45B19416BA85E3535204 /* Theme.swift in Sources */ = {isa = PBXBuildFile; fileRef = D3D8B0AAEA1A81CEA2A37BAB /* Theme.swift */; };
		BD9960D641332B47DF707869 /* OfferStatusService.swift in Sources */ = {isa = PBXBuildFile; fileRef = 456FDA78B4D2BE7010551F3F /* OfferStatusService.swift */; };
		C2DEA9F6C7373A02C0DF687B /* StockView.swift in Sources */ = {isa = PBXBuildFile; fileRef = 33DE8E0FF55D565960F29BA8 /* StockView.swift */; };
		C3ABCA156C953EDF405BC2C6 /* LeazrApp.swift in Sources */ = {isa = PBXBuildFile; fileRef = 31F4B5CF4B4FFA52FF1EA431 /* LeazrApp.swift */; };
		C87936AF98BC5AE681868921 /* CatalogView.swift in Sources */ = {isa = PBXBuildFile; fileRef = E7184244CFCB853B1F5F85C6 /* CatalogView.swift */; };
		C9AD6A6A1019107FFD741665 /* ListScreen.swift in Sources */ = {isa = PBXBuildFile; fileRef = A98C64CD5582E4AA491D10EA /* ListScreen.swift */; };
		C9D53A96B60FEFEEAC9C26A3 /* ContractFinance.swift in Sources */ = {isa = PBXBuildFile; fileRef = 748BDA80AC604E1B12B64B9C /* ContractFinance.swift */; };
		D016912018A27B4ACDA7A73C /* CatalogModels.swift in Sources */ = {isa = PBXBuildFile; fileRef = 210BA6DC05573719CF6F7CCE /* CatalogModels.swift */; };
		D065B1E1A3BE61E88E2A79AE /* EquipmentList.swift in Sources */ = {isa = PBXBuildFile; fileRef = BE13001A8EFD293047757156 /* EquipmentList.swift */; };
		DC498BCC297B9F44AB181186 /* CatalogSheets.swift in Sources */ = {isa = PBXBuildFile; fileRef = 9D9195A80A6BD6B0CBC8BD3C /* CatalogSheets.swift */; };
		DE30D6B24009A4CF748AEBEF /* Assets.xcassets in Resources */ = {isa = PBXBuildFile; fileRef = C413154B612BEFD0ECD6DB93 /* Assets.xcassets */; };
		E48641A039E2E978AF0022C2 /* CRMModels.swift in Sources */ = {isa = PBXBuildFile; fileRef = 96D15EBD961EA597E938A907 /* CRMModels.swift */; };
		E560E4760846EF1A3E7BADE9 /* Components.swift in Sources */ = {isa = PBXBuildFile; fileRef = EF2805B510A8C2B367ECC2A2 /* Components.swift */; };
		E66784F95B6114A23B281584 /* BiometricService.swift in Sources */ = {isa = PBXBuildFile; fileRef = 2F0E4EC1AED84EE49AB3DC76 /* BiometricService.swift */; };
		EC2B844B36E843B0531A1D2C /* DocumentRequest.swift in Sources */ = {isa = PBXBuildFile; fileRef = B811C6D6A41E89C157EFA6B3 /* DocumentRequest.swift */; };
		F0DA84BD7302C3FCB470F388 /* ProductDetail.swift in Sources */ = {isa = PBXBuildFile; fileRef = 1B1BB6269FA584AF009604EB /* ProductDetail.swift */; };
		F2307108469EAAD275D30E8F /* Modules.swift in Sources */ = {isa = PBXBuildFile; fileRef = 29C20B805920CE4E470055B5 /* Modules.swift */; };
		F69A6FC3AD4FB03078AA453D /* Supabase in Frameworks */ = {isa = PBXBuildFile; productRef = 8F17EC6B03D9F254EDAAB4A4 /* Supabase */; };
		F757AD313984A180EA008BFB /* CRMView.swift in Sources */ = {isa = PBXBuildFile; fileRef = A574C3EB475DAF2D8B4D0DE0 /* CRMView.swift */; };
		FB802D3560E71BED961DEA4F /* OfferActionsView.swift in Sources */ = {isa = PBXBuildFile; fileRef = AB1086AB935A66112E4AB68D /* OfferActionsView.swift */; };
/* End PBXBuildFile section */

/* Begin PBXFileReference section */
		07884D978BA112AF0E83306F /* LockScreen.swift */ = {isa = PBXFileReference; lastKnownFileType = sourcecode.swift; path = LockScreen.swift; sourceTree = "<group>"; };
		105156D405D7D398B8B39455 /* ProductPicker.swift */ = {isa = PBXFileReference; lastKnownFileType = sourcecode.swift; path = ProductPicker.swift; sourceTree = "<group>"; };
		13F752071430CA35A5268483 /* Leazr.app */ = {isa = PBXFileReference; includeInIndex = 0; lastKnownFileType = wrapper.application; path = Leazr.app; sourceTree = BUILT_PRODUCTS_DIR; };
		1723DCC3D2E4252542E22513 /* OffersView.swift */ = {isa = PBXFileReference; lastKnownFileType = sourcecode.swift; path = OffersView.swift; sourceTree = "<group>"; };
		17BCE13BEE2375330A930CF8 /* AuthStore.swift */ = {isa = PBXFileReference; lastKnownFileType = sourcecode.swift; path = AuthStore.swift; sourceTree = "<group>"; };
		1B1BB6269FA584AF009604EB /* ProductDetail.swift */ = {isa = PBXFileReference; lastKnownFileType = sourcecode.swift; path = ProductDetail.swift; sourceTree = "<group>"; };
		1F569435F5CF63531F58DBA9 /* ContractService.swift */ = {isa = PBXFileReference; lastKnownFileType = sourcecode.swift; path = ContractService.swift; sourceTree = "<group>"; };
		210BA6DC05573719CF6F7CCE /* CatalogModels.swift */ = {isa = PBXFileReference; lastKnownFileType = sourcecode.swift; path = CatalogModels.swift; sourceTree = "<group>"; };
		22599D844FD96EAEBE7ED293 /* CatalogService.swift */ = {isa = PBXFileReference; lastKnownFileType = sourcecode.swift; path = CatalogService.swift; sourceTree = "<group>"; };
		29C20B805920CE4E470055B5 /* Modules.swift */ = {isa = PBXFileReference; lastKnownFileType = sourcecode.swift; path = Modules.swift; sourceTree = "<group>"; };
		2F0E4EC1AED84EE49AB3DC76 /* BiometricService.swift */ = {isa = PBXFileReference; lastKnownFileType = sourcecode.swift; path = BiometricService.swift; sourceTree = "<group>"; };
		30F2B85A21AF7A68A197C953 /* EditOffer.swift */ = {isa = PBXFileReference; lastKnownFileType = sourcecode.swift; path = EditOffer.swift; sourceTree = "<group>"; };
		31F4B5CF4B4FFA52FF1EA431 /* LeazrApp.swift */ = {isa = PBXFileReference; lastKnownFileType = sourcecode.swift; path = LeazrApp.swift; sourceTree = "<group>"; };
		33DE8E0FF55D565960F29BA8 /* StockView.swift */ = {isa = PBXFileReference; lastKnownFileType = sourcecode.swift; path = StockView.swift; sourceTree = "<group>"; };
		34634FE7A617B48535B916D6 /* InvoicingView.swift */ = {isa = PBXFileReference; lastKnownFileType = sourcecode.swift; path = InvoicingView.swift; sourceTree = "<group>"; };
		3C10B734FD7CD6C650387A80 /* Session.swift */ = {isa = PBXFileReference; lastKnownFileType = sourcecode.swift; path = Session.swift; sourceTree = "<group>"; };
		401375ED2CC7D6B1B2A74076 /* OpportunityDetail.swift */ = {isa = PBXFileReference; lastKnownFileType = sourcecode.swift; path = OpportunityDetail.swift; sourceTree = "<group>"; };
		456FDA78B4D2BE7010551F3F /* OfferStatusService.swift */ = {isa = PBXFileReference; lastKnownFileType = sourcecode.swift; path = OfferStatusService.swift; sourceTree = "<group>"; };
		46380AF088DAB40EFBECE741 /* DashboardView.swift */ = {isa = PBXFileReference; lastKnownFileType = sourcecode.swift; path = DashboardView.swift; sourceTree = "<group>"; };
		496AF137DA9C760F336A729B /* ContractDetailView.swift */ = {isa = PBXFileReference; lastKnownFileType = sourcecode.swift; path = ContractDetailView.swift; sourceTree = "<group>"; };
		4D56372CF221DDF33B31B7F1 /* SupportAndSettings.swift */ = {isa = PBXFileReference; lastKnownFileType = sourcecode.swift; path = SupportAndSettings.swift; sourceTree = "<group>"; };
		748BDA80AC604E1B12B64B9C /* ContractFinance.swift */ = {isa = PBXFileReference; lastKnownFileType = sourcecode.swift; path = ContractFinance.swift; sourceTree = "<group>"; };
		7F553EE778580553E436235E /* CreateOfferView.swift */ = {isa = PBXFileReference; lastKnownFileType = sourcecode.swift; path = CreateOfferView.swift; sourceTree = "<group>"; };
		804E9D648D557CA166E7C854 /* StockModels.swift */ = {isa = PBXFileReference; lastKnownFileType = sourcecode.swift; path = StockModels.swift; sourceTree = "<group>"; };
		86D49E189D241EE14E407E02 /* StockSections.swift */ = {isa = PBXFileReference; lastKnownFileType = sourcecode.swift; path = StockSections.swift; sourceTree = "<group>"; };
		86E841052BF0F6EE02165321 /* Models.swift */ = {isa = PBXFileReference; lastKnownFileType = sourcecode.swift; path = Models.swift; sourceTree = "<group>"; };
		8A60891B4087A9F459B2E3F8 /* ClientForm.swift */ = {isa = PBXFileReference; lastKnownFileType = sourcecode.swift; path = ClientForm.swift; sourceTree = "<group>"; };
		937081EBC18270BEAA4E7A26 /* CatalogSections.swift */ = {isa = PBXFileReference; lastKnownFileType = sourcecode.swift; path = CatalogSections.swift; sourceTree = "<group>"; };
		96D15EBD961EA597E938A907 /* CRMModels.swift */ = {isa = PBXFileReference; lastKnownFileType = sourcecode.swift; path = CRMModels.swift; sourceTree = "<group>"; };
		9D1D1FB339C428F8A2DA2DB6 /* StockSheets.swift */ = {isa = PBXFileReference; lastKnownFileType = sourcecode.swift; path = StockSheets.swift; sourceTree = "<group>"; };
		9D9195A80A6BD6B0CBC8BD3C /* CatalogSheets.swift */ = {isa = PBXFileReference; lastKnownFileType = sourcecode.swift; path = CatalogSheets.swift; sourceTree = "<group>"; };
		A4FDDD8B5CC41B5F71E94EA7 /* Supabase.swift */ = {isa = PBXFileReference; lastKnownFileType = sourcecode.swift; path = Supabase.swift; sourceTree = "<group>"; };
		A574C3EB475DAF2D8B4D0DE0 /* CRMView.swift */ = {isa = PBXFileReference; lastKnownFileType = sourcecode.swift; path = CRMView.swift; sourceTree = "<group>"; };
		A5FC880A0231FA91C406E378 /* DetailViews.swift */ = {isa = PBXFileReference; lastKnownFileType = sourcecode.swift; path = DetailViews.swift; sourceTree = "<group>"; };
		A8B6C1BB3AF15E59220DF0DD /* OfferDetail.swift */ = {isa = PBXFileReference; lastKnownFileType = sourcecode.swift; path = OfferDetail.swift; sourceTree = "<group>"; };
		A98C64CD5582E4AA491D10EA /* ListScreen.swift */ = {isa = PBXFileReference; lastKnownFileType = sourcecode.swift; path = ListScreen.swift; sourceTree = "<group>"; };
		AB1086AB935A66112E4AB68D /* OfferActionsView.swift */ = {isa = PBXFileReference; lastKnownFileType = sourcecode.swift; path = OfferActionsView.swift; sourceTree = "<group>"; };
		AD8F515CE7EB29AB05A29821 /* Scoring.swift */ = {isa = PBXFileReference; lastKnownFileType = sourcecode.swift; path = Scoring.swift; sourceTree = "<group>"; };
		AD924446EA8D4631B12842AE /* ContractEquipmentViews.swift */ = {isa = PBXFileReference; lastKnownFileType = sourcecode.swift; path = ContractEquipmentViews.swift; sourceTree = "<group>"; };
		AF78F9179FB2FA34768472DC /* StockService.swift */ = {isa = PBXFileReference; lastKnownFileType = sourcecode.swift; path = StockService.swift; sourceTree = "<group>"; };
		B811C6D6A41E89C157EFA6B3 /* DocumentRequest.swift */ = {isa = PBXFileReference; lastKnownFileType = sourcecode.swift; path = DocumentRequest.swift; sourceTree = "<group>"; };
		BE13001A8EFD293047757156 /* EquipmentList.swift */ = {isa = PBXFileReference; lastKnownFileType = sourcecode.swift; path = EquipmentList.swift; sourceTree = "<group>"; };
		BE7D4ECC8A29650C37690F46 /* Dialer.swift */ = {isa = PBXFileReference; lastKnownFileType = sourcecode.swift; path = Dialer.swift; sourceTree = "<group>"; };
		C0DF05D95A9EBA8860D8DBB8 /* MainTabView.swift */ = {isa = PBXFileReference; lastKnownFileType = sourcecode.swift; path = MainTabView.swift; sourceTree = "<group>"; };
		C413154B612BEFD0ECD6DB93 /* Assets.xcassets */ = {isa = PBXFileReference; lastKnownFileType = folder.assetcatalog; path = Assets.xcassets; sourceTree = "<group>"; };
		C75FCBA0CBC37D0284A69DA9 /* Keychain.swift */ = {isa = PBXFileReference; lastKnownFileType = sourcecode.swift; path = Keychain.swift; sourceTree = "<group>"; };
		C8DCC6F112B88D868F25F0E1 /* InvoiceService.swift */ = {isa = PBXFileReference; lastKnownFileType = sourcecode.swift; path = InvoiceService.swift; sourceTree = "<group>"; };
		C910C27816F52CB018BD786D /* InvoiceSheets.swift */ = {isa = PBXFileReference; lastKnownFileType = sourcecode.swift; path = InvoiceSheets.swift; sourceTree = "<group>"; };
		C9C6FFA6F72F8F102957B36F /* ContractPanels.swift */ = {isa = PBXFileReference; lastKnownFileType = sourcecode.swift; path = ContractPanels.swift; sourceTree = "<group>"; };
		CEDB5BB98190D6391D5AB23A /* Signature.swift */ = {isa = PBXFileReference; lastKnownFileType = sourcecode.swift; path = Signature.swift; sourceTree = "<group>"; };
		CF1F7A59542BE49F8BF78F2A /* LoginView.swift */ = {isa = PBXFileReference; lastKnownFileType = sourcecode.swift; path = LoginView.swift; sourceTree = "<group>"; };
		D3CE2FB7818B397D8EDB0D33 /* OfferStatus.swift */ = {isa = PBXFileReference; lastKnownFileType = sourcecode.swift; path = OfferStatus.swift; sourceTree = "<group>"; };
		D3D8B0AAEA1A81CEA2A37BAB /* Theme.swift */ = {isa = PBXFileReference; lastKnownFileType = sourcecode.swift; path = Theme.swift; sourceTree = "<group>"; };
		D9D30815FFD767385F117684 /* InvoiceDetailScreen.swift */ = {isa = PBXFileReference; lastKnownFileType = sourcecode.swift; path = InvoiceDetailScreen.swift; sourceTree = "<group>"; };
		DC03BF0FF774A0F65F838EFC /* KycScore.swift */ = {isa = PBXFileReference; lastKnownFileType = sourcecode.swift; path = KycScore.swift; sourceTree = "<group>"; };
		E18DC0EF37FFBC4D6DC261D3 /* Info.plist */ = {isa = PBXFileReference; lastKnownFileType = text.plist; path = Info.plist; sourceTree = "<group>"; };
		E5DA416A37DF745C8B2DAFEF /* OfferActions.swift */ = {isa = PBXFileReference; lastKnownFileType = sourcecode.swift; path = OfferActions.swift; sourceTree = "<group>"; };
		E7184244CFCB853B1F5F85C6 /* CatalogView.swift */ = {isa = PBXFileReference; lastKnownFileType = sourcecode.swift; path = CatalogView.swift; sourceTree = "<group>"; };
		E8E146A0E5C823413E2BD71B /* OpportunityForm.swift */ = {isa = PBXFileReference; lastKnownFileType = sourcecode.swift; path = OpportunityForm.swift; sourceTree = "<group>"; };
		ED42239FB3FB368F4833D0C5 /* OfferGrenke.swift */ = {isa = PBXFileReference; lastKnownFileType = sourcecode.swift; path = OfferGrenke.swift; sourceTree = "<group>"; };
		EF2805B510A8C2B367ECC2A2 /* Components.swift */ = {isa = PBXFileReference; lastKnownFileType = sourcecode.swift; path = Components.swift; sourceTree = "<group>"; };
		F1FD9D81F4B2F9E166CCC752 /* ContractsListView.swift */ = {isa = PBXFileReference; lastKnownFileType = sourcecode.swift; path = ContractsListView.swift; sourceTree = "<group>"; };
		F7DBAA2CA106D3A79738E53F /* ContractModels.swift */ = {isa = PBXFileReference; lastKnownFileType = sourcecode.swift; path = ContractModels.swift; sourceTree = "<group>"; };
		FCF099E54122E558384E6DEF /* OfferInsights.swift */ = {isa = PBXFileReference; lastKnownFileType = sourcecode.swift; path = OfferInsights.swift; sourceTree = "<group>"; };
		FDB7CC1F3F9D0FED2259DF13 /* OffersKanban.swift */ = {isa = PBXFileReference; lastKnownFileType = sourcecode.swift; path = OffersKanban.swift; sourceTree = "<group>"; };
		FEA847C5B5FF2DC3208A4477 /* RootView.swift */ = {isa = PBXFileReference; lastKnownFileType = sourcecode.swift; path = RootView.swift; sourceTree = "<group>"; };
		FF1D20D918AA92956559B805 /* InvoiceModels.swift */ = {isa = PBXFileReference; lastKnownFileType = sourcecode.swift; path = InvoiceModels.swift; sourceTree = "<group>"; };
/* End PBXFileReference section */

/* Begin PBXFrameworksBuildPhase section */
		7F78DEFA8D1A9617F79EBC13 /* Frameworks */ = {
			isa = PBXFrameworksBuildPhase;
			buildActionMask = 2147483647;
			files = (
				F69A6FC3AD4FB03078AA453D /* Supabase in Frameworks */,
			);
			runOnlyForDeploymentPostprocessing = 0;
		};
/* End PBXFrameworksBuildPhase section */

/* Begin PBXGroup section */
		04D7E452964F16A82669C6F3 /* App */ = {
			isa = PBXGroup;
			children = (
				31F4B5CF4B4FFA52FF1EA431 /* LeazrApp.swift */,
				C0DF05D95A9EBA8860D8DBB8 /* MainTabView.swift */,
				FEA847C5B5FF2DC3208A4477 /* RootView.swift */,
			);
			path = App;
			sourceTree = "<group>";
		};
		0C0A74D84FB5A6A407204F61 /* Leazr */ = {
			isa = PBXGroup;
			children = (
				04D7E452964F16A82669C6F3 /* App */,
				EC35AA150DC656ACD63CC4AA /* Core */,
				3E65E674947F32E07FBCF547 /* Design */,
				70C5AA23697989F2A48DB8F5 /* Features */,
				47938A0798BDB5AEBD9C8FE9 /* Resources */,
			);
			path = Leazr;
			sourceTree = "<group>";
		};
		2BD286CA4BAC9A9F70CD851D /* Modules */ = {
			isa = PBXGroup;
			children = (
				8A60891B4087A9F459B2E3F8 /* ClientForm.swift */,
				A5FC880A0231FA91C406E378 /* DetailViews.swift */,
				29C20B805920CE4E470055B5 /* Modules.swift */,
				4D56372CF221DDF33B31B7F1 /* SupportAndSettings.swift */,
			);
			path = Modules;
			sourceTree = "<group>";
		};
		3E65E674947F32E07FBCF547 /* Design */ = {
			isa = PBXGroup;
			children = (
				EF2805B510A8C2B367ECC2A2 /* Components.swift */,
				D3D8B0AAEA1A81CEA2A37BAB /* Theme.swift */,
			);
			path = Design;
			sourceTree = "<group>";
		};
		3FCD9DEE849EF0A50A0F5FD3 /* Stock */ = {
			isa = PBXGroup;
			children = (
				86D49E189D241EE14E407E02 /* StockSections.swift */,
				9D1D1FB339C428F8A2DA2DB6 /* StockSheets.swift */,
				33DE8E0FF55D565960F29BA8 /* StockView.swift */,
			);
			path = Stock;
			sourceTree = "<group>";
		};
		47938A0798BDB5AEBD9C8FE9 /* Resources */ = {
			isa = PBXGroup;
			children = (
				C413154B612BEFD0ECD6DB93 /* Assets.xcassets */,
				E18DC0EF37FFBC4D6DC261D3 /* Info.plist */,
			);
			path = Resources;
			sourceTree = "<group>";
		};
		5E98885C38319A8FC2EEFEDC /* CRM */ = {
			isa = PBXGroup;
			children = (
				A574C3EB475DAF2D8B4D0DE0 /* CRMView.swift */,
				401375ED2CC7D6B1B2A74076 /* OpportunityDetail.swift */,
				E8E146A0E5C823413E2BD71B /* OpportunityForm.swift */,
			);
			path = CRM;
			sourceTree = "<group>";
		};
		70C5AA23697989F2A48DB8F5 /* Features */ = {
			isa = PBXGroup;
			children = (
				C13BAAC018EF1AAFD36DA37F /* Auth */,
				DC01ABF8248A576734C98D1D /* Catalog */,
				FB2D9A2A32076F877BB2DDA3 /* Contracts */,
				5E98885C38319A8FC2EEFEDC /* CRM */,
				BD783690F62CDFC0767B3419 /* Dashboard */,
				E9D0864F1B63EEB2990BA755 /* Invoicing */,
				2BD286CA4BAC9A9F70CD851D /* Modules */,
				B789DCD528D029F70187A498 /* Offers */,
				F653AED800FB67AD5E9B7B24 /* Shared */,
				3FCD9DEE849EF0A50A0F5FD3 /* Stock */,
			);
			path = Features;
			sourceTree = "<group>";
		};
		82E3AFDB94E42897D454C428 = {
			isa = PBXGroup;
			children = (
				0C0A74D84FB5A6A407204F61 /* Leazr */,
				ED7F832CA0640CD2C3C2E229 /* Products */,
			);
			sourceTree = "<group>";
		};
		B789DCD528D029F70187A498 /* Offers */ = {
			isa = PBXGroup;
			children = (
				7F553EE778580553E436235E /* CreateOfferView.swift */,
				B811C6D6A41E89C157EFA6B3 /* DocumentRequest.swift */,
				30F2B85A21AF7A68A197C953 /* EditOffer.swift */,
				AB1086AB935A66112E4AB68D /* OfferActionsView.swift */,
				A8B6C1BB3AF15E59220DF0DD /* OfferDetail.swift */,
				ED42239FB3FB368F4833D0C5 /* OfferGrenke.swift */,
				FCF099E54122E558384E6DEF /* OfferInsights.swift */,
				FDB7CC1F3F9D0FED2259DF13 /* OffersKanban.swift */,
				1723DCC3D2E4252542E22513 /* OffersView.swift */,
				105156D405D7D398B8B39455 /* ProductPicker.swift */,
				AD8F515CE7EB29AB05A29821 /* Scoring.swift */,
				CEDB5BB98190D6391D5AB23A /* Signature.swift */,
			);
			path = Offers;
			sourceTree = "<group>";
		};
		BD783690F62CDFC0767B3419 /* Dashboard */ = {
			isa = PBXGroup;
			children = (
				46380AF088DAB40EFBECE741 /* DashboardView.swift */,
			);
			path = Dashboard;
			sourceTree = "<group>";
		};
		C13BAAC018EF1AAFD36DA37F /* Auth */ = {
			isa = PBXGroup;
			children = (
				07884D978BA112AF0E83306F /* LockScreen.swift */,
				CF1F7A59542BE49F8BF78F2A /* LoginView.swift */,
			);
			path = Auth;
			sourceTree = "<group>";
		};
		DC01ABF8248A576734C98D1D /* Catalog */ = {
			isa = PBXGroup;
			children = (
				937081EBC18270BEAA4E7A26 /* CatalogSections.swift */,
				9D9195A80A6BD6B0CBC8BD3C /* CatalogSheets.swift */,
				E7184244CFCB853B1F5F85C6 /* CatalogView.swift */,
				1B1BB6269FA584AF009604EB /* ProductDetail.swift */,
			);
			path = Catalog;
			sourceTree = "<group>";
		};
		E9D0864F1B63EEB2990BA755 /* Invoicing */ = {
			isa = PBXGroup;
			children = (
				D9D30815FFD767385F117684 /* InvoiceDetailScreen.swift */,
				C910C27816F52CB018BD786D /* InvoiceSheets.swift */,
				34634FE7A617B48535B916D6 /* InvoicingView.swift */,
			);
			path = Invoicing;
			sourceTree = "<group>";
		};
		EC35AA150DC656ACD63CC4AA /* Core */ = {
			isa = PBXGroup;
			children = (
				17BCE13BEE2375330A930CF8 /* AuthStore.swift */,
				2F0E4EC1AED84EE49AB3DC76 /* BiometricService.swift */,
				210BA6DC05573719CF6F7CCE /* CatalogModels.swift */,
				22599D844FD96EAEBE7ED293 /* CatalogService.swift */,
				F7DBAA2CA106D3A79738E53F /* ContractModels.swift */,
				1F569435F5CF63531F58DBA9 /* ContractService.swift */,
				96D15EBD961EA597E938A907 /* CRMModels.swift */,
				BE7D4ECC8A29650C37690F46 /* Dialer.swift */,
				FF1D20D918AA92956559B805 /* InvoiceModels.swift */,
				C8DCC6F112B88D868F25F0E1 /* InvoiceService.swift */,
				C75FCBA0CBC37D0284A69DA9 /* Keychain.swift */,
				86E841052BF0F6EE02165321 /* Models.swift */,
				E5DA416A37DF745C8B2DAFEF /* OfferActions.swift */,
				D3CE2FB7818B397D8EDB0D33 /* OfferStatus.swift */,
				456FDA78B4D2BE7010551F3F /* OfferStatusService.swift */,
				3C10B734FD7CD6C650387A80 /* Session.swift */,
				804E9D648D557CA166E7C854 /* StockModels.swift */,
				AF78F9179FB2FA34768472DC /* StockService.swift */,
				A4FDDD8B5CC41B5F71E94EA7 /* Supabase.swift */,
			);
			path = Core;
			sourceTree = "<group>";
		};
		ED7F832CA0640CD2C3C2E229 /* Products */ = {
			isa = PBXGroup;
			children = (
				13F752071430CA35A5268483 /* Leazr.app */,
			);
			name = Products;
			sourceTree = "<group>";
		};
		F653AED800FB67AD5E9B7B24 /* Shared */ = {
			isa = PBXGroup;
			children = (
				BE13001A8EFD293047757156 /* EquipmentList.swift */,
				DC03BF0FF774A0F65F838EFC /* KycScore.swift */,
				A98C64CD5582E4AA491D10EA /* ListScreen.swift */,
			);
			path = Shared;
			sourceTree = "<group>";
		};
		FB2D9A2A32076F877BB2DDA3 /* Contracts */ = {
			isa = PBXGroup;
			children = (
				496AF137DA9C760F336A729B /* ContractDetailView.swift */,
				AD924446EA8D4631B12842AE /* ContractEquipmentViews.swift */,
				748BDA80AC604E1B12B64B9C /* ContractFinance.swift */,
				C9C6FFA6F72F8F102957B36F /* ContractPanels.swift */,
				F1FD9D81F4B2F9E166CCC752 /* ContractsListView.swift */,
			);
			path = Contracts;
			sourceTree = "<group>";
		};
/* End PBXGroup section */

/* Begin PBXNativeTarget section */
		9754AC7E0AAD526F9CE301E8 /* Leazr */ = {
			isa = PBXNativeTarget;
			buildConfigurationList = 590482B197CF49C6AFD4D415 /* Build configuration list for PBXNativeTarget "Leazr" */;
			buildPhases = (
				3C9315A49C2DCFD6A02C83A4 /* Sources */,
				F16A0718154208292D478972 /* Resources */,
				7F78DEFA8D1A9617F79EBC13 /* Frameworks */,
			);
			buildRules = (
			);
			dependencies = (
			);
			name = Leazr;
			packageProductDependencies = (
				8F17EC6B03D9F254EDAAB4A4 /* Supabase */,
			);
			productName = Leazr;
			productReference = 13F752071430CA35A5268483 /* Leazr.app */;
			productType = "com.apple.product-type.application";
		};
/* End PBXNativeTarget section */

/* Begin PBXProject section */
		9EBB879338440CEAF67CD1B5 /* Project object */ = {
			isa = PBXProject;
			attributes = {
				BuildIndependentTargetsInParallel = YES;
				LastUpgradeCheck = 1430;
				TargetAttributes = {
					9754AC7E0AAD526F9CE301E8 = {
						DevelopmentTeam = H2TY9H4DPZ;
						ProvisioningStyle = Automatic;
					};
				};
			};
			buildConfigurationList = D481FFA290EA10B1F4F71FAD /* Build configuration list for PBXProject "Leazr" */;
			developmentRegion = en;
			hasScannedForEncodings = 0;
			knownRegions = (
				Base,
				en,
			);
			mainGroup = 82E3AFDB94E42897D454C428;
			minimizedProjectReferenceProxies = 1;
			packageReferences = (
				3C15892B710D9BDE8403CA49 /* XCRemoteSwiftPackageReference "supabase-swift" */,
			);
			preferredProjectObjectVersion = 77;
			productRefGroup = ED7F832CA0640CD2C3C2E229 /* Products */;
			projectDirPath = "";
			projectRoot = "";
			targets = (
				9754AC7E0AAD526F9CE301E8 /* Leazr */,
			);
		};
/* End PBXProject section */

/* Begin PBXResourcesBuildPhase section */
		F16A0718154208292D478972 /* Resources */ = {
			isa = PBXResourcesBuildPhase;
			buildActionMask = 2147483647;
			files = (
				DE30D6B24009A4CF748AEBEF /* Assets.xcassets in Resources */,
			);
			runOnlyForDeploymentPostprocessing = 0;
		};
/* End PBXResourcesBuildPhase section */

/* Begin PBXSourcesBuildPhase section */
		3C9315A49C2DCFD6A02C83A4 /* Sources */ = {
			isa = PBXSourcesBuildPhase;
			buildActionMask = 2147483647;
			files = (
				A33AC86D646F947ACF40063E /* AuthStore.swift in Sources */,
				E66784F95B6114A23B281584 /* BiometricService.swift in Sources */,
				E48641A039E2E978AF0022C2 /* CRMModels.swift in Sources */,
				F757AD313984A180EA008BFB /* CRMView.swift in Sources */,
				D016912018A27B4ACDA7A73C /* CatalogModels.swift in Sources */,
				34C6FB7A205FA8FA6B32BDAE /* CatalogSections.swift in Sources */,
				703E67CDAF56DCD35C317A09 /* CatalogService.swift in Sources */,
				DC498BCC297B9F44AB181186 /* CatalogSheets.swift in Sources */,
				C87936AF98BC5AE681868921 /* CatalogView.swift in Sources */,
				4A7079BEFE2AA4045DF0B9C9 /* ClientForm.swift in Sources */,
				E560E4760846EF1A3E7BADE9 /* Components.swift in Sources */,
				48F4F67A84477073EE497DF2 /* ContractDetailView.swift in Sources */,
				0767B54D4D48F26B5D6F40A0 /* ContractEquipmentViews.swift in Sources */,
				C9D53A96B60FEFEEAC9C26A3 /* ContractFinance.swift in Sources */,
				318BDC3C18376CC220863B93 /* ContractModels.swift in Sources */,
				478396FA9FE6A24D6EA5CB39 /* ContractPanels.swift in Sources */,
				1B1D102B45672B1EBBE4A200 /* ContractService.swift in Sources */,
				85DBF7FDD565B0F5FCDD012E /* ContractsListView.swift in Sources */,
				2E42B2A6C447ECA575E5ECBB /* CreateOfferView.swift in Sources */,
				21068A2F2B259426AE801A2E /* DashboardView.swift in Sources */,
				3B0D25F6A60FB88C1CE036CC /* DetailViews.swift in Sources */,
				82DB37171C02213969DBBC89 /* Dialer.swift in Sources */,
				EC2B844B36E843B0531A1D2C /* DocumentRequest.swift in Sources */,
				A837F389D8C58D0B494FB385 /* EditOffer.swift in Sources */,
				D065B1E1A3BE61E88E2A79AE /* EquipmentList.swift in Sources */,
				AB0C2936C8B0346A12C1516A /* InvoiceDetailScreen.swift in Sources */,
				9A54DBCF27C63E1D0475D00E /* InvoiceModels.swift in Sources */,
				026E8001714E396B8B527DCF /* InvoiceService.swift in Sources */,
				861B6586D552EDADDBEADF09 /* InvoiceSheets.swift in Sources */,
				84BFE4A7396EC2040C633417 /* InvoicingView.swift in Sources */,
				750308946C6D605A6625F90D /* Keychain.swift in Sources */,
				2453AC205CA13D7DC313895B /* KycScore.swift in Sources */,
				C3ABCA156C953EDF405BC2C6 /* LeazrApp.swift in Sources */,
				C9AD6A6A1019107FFD741665 /* ListScreen.swift in Sources */,
				65A1FD1C9B46E2AF7DEC23D1 /* LockScreen.swift in Sources */,
				1771175964AD92FB5993656F /* LoginView.swift in Sources */,
				0A5EF5D77664E7707BDA2EA7 /* MainTabView.swift in Sources */,
				1B0D6B50859F8508D2C0DF36 /* Models.swift in Sources */,
				F2307108469EAAD275D30E8F /* Modules.swift in Sources */,
				4AE78B6DC9CF2DEBC354D59C /* OfferActions.swift in Sources */,
				FB802D3560E71BED961DEA4F /* OfferActionsView.swift in Sources */,
				38EA40CB51C96BA7037C8A36 /* OfferDetail.swift in Sources */,
				0CEA68A77A68696CA082C9CE /* OfferGrenke.swift in Sources */,
				7658D537DB572BF5F038E85F /* OfferInsights.swift in Sources */,
				34D82777B77C9FAA834B039D /* OfferStatus.swift in Sources */,
				BD9960D641332B47DF707869 /* OfferStatusService.swift in Sources */,
				9B3D69F70A473C6CB702E687 /* OffersKanban.swift in Sources */,
				452B92E5393CDB26EFA738C5 /* OffersView.swift in Sources */,
				36FFE58ABA95142C4E8026A4 /* OpportunityDetail.swift in Sources */,
				5262425100583249DB10A055 /* OpportunityForm.swift in Sources */,
				F0DA84BD7302C3FCB470F388 /* ProductDetail.swift in Sources */,
				5257A9665D0C341867E3F43F /* ProductPicker.swift in Sources */,
				8C9020ABA0FFA0D5A8CDBAB2 /* RootView.swift in Sources */,
				A542118233725E68A781D587 /* Scoring.swift in Sources */,
				7A7B0842DBD1D016E09EDE67 /* Session.swift in Sources */,
				32BBDAF7B0EDB599170F850A /* Signature.swift in Sources */,
				84580500869AC53DEC3F7353 /* StockModels.swift in Sources */,
				77BDA0DF9B99CA00BBA7761C /* StockSections.swift in Sources */,
				A00CE7BFCAE1E788323DC53B /* StockService.swift in Sources */,
				0CECF6D9EF7776D05597889F /* StockSheets.swift in Sources */,
				C2DEA9F6C7373A02C0DF687B /* StockView.swift in Sources */,
				686AA662811EE4338AEB95EE /* Supabase.swift in Sources */,
				7ECE2F064401FF8B5989B99D /* SupportAndSettings.swift in Sources */,
				AE5C45B19416BA85E3535204 /* Theme.swift in Sources */,
			);
			runOnlyForDeploymentPostprocessing = 0;
		};
/* End PBXSourcesBuildPhase section */

/* Begin XCBuildConfiguration section */
		115CC2E843F333B058A77DD9 /* Release */ = {
			isa = XCBuildConfiguration;
			buildSettings = {
				ALWAYS_SEARCH_USER_PATHS = NO;
				CLANG_ANALYZER_NONNULL = YES;
				CLANG_ANALYZER_NUMBER_OBJECT_CONVERSION = YES_AGGRESSIVE;
				CLANG_CXX_LANGUAGE_STANDARD = "gnu++14";
				CLANG_CXX_LIBRARY = "libc++";
				CLANG_ENABLE_MODULES = YES;
				CLANG_ENABLE_OBJC_ARC = YES;
				CLANG_ENABLE_OBJC_WEAK = YES;
				CLANG_WARN_BLOCK_CAPTURE_AUTORELEASING = YES;
				CLANG_WARN_BOOL_CONVERSION = YES;
				CLANG_WARN_COMMA = YES;
				CLANG_WARN_CONSTANT_CONVERSION = YES;
				CLANG_WARN_DEPRECATED_OBJC_IMPLEMENTATIONS = YES;
				CLANG_WARN_DIRECT_OBJC_ISA_USAGE = YES_ERROR;
				CLANG_WARN_DOCUMENTATION_COMMENTS = YES;
				CLANG_WARN_EMPTY_BODY = YES;
				CLANG_WARN_ENUM_CONVERSION = YES;
				CLANG_WARN_INFINITE_RECURSION = YES;
				CLANG_WARN_INT_CONVERSION = YES;
				CLANG_WARN_NON_LITERAL_NULL_CONVERSION = YES;
				CLANG_WARN_OBJC_IMPLICIT_RETAIN_SELF = YES;
				CLANG_WARN_OBJC_LITERAL_CONVERSION = YES;
				CLANG_WARN_OBJC_ROOT_CLASS = YES_ERROR;
				CLANG_WARN_QUOTED_INCLUDE_IN_FRAMEWORK_HEADER = YES;
				CLANG_WARN_RANGE_LOOP_ANALYSIS = YES;
				CLANG_WARN_STRICT_PROTOTYPES = YES;
				CLANG_WARN_SUSPICIOUS_MOVE = YES;
				CLANG_WARN_UNGUARDED_AVAILABILITY = YES_AGGRESSIVE;
				CLANG_WARN_UNREACHABLE_CODE = YES;
				CLANG_WARN__DUPLICATE_METHOD_MATCH = YES;
				COPY_PHASE_STRIP = NO;
				DEBUG_INFORMATION_FORMAT = "dwarf-with-dsym";
				ENABLE_NS_ASSERTIONS = NO;
				ENABLE_STRICT_OBJC_MSGSEND = YES;
				GCC_C_LANGUAGE_STANDARD = gnu11;
				GCC_NO_COMMON_BLOCKS = YES;
				GCC_WARN_64_TO_32_BIT_CONVERSION = YES;
				GCC_WARN_ABOUT_RETURN_TYPE = YES_ERROR;
				GCC_WARN_UNDECLARED_SELECTOR = YES;
				GCC_WARN_UNINITIALIZED_AUTOS = YES_AGGRESSIVE;
				GCC_WARN_UNUSED_FUNCTION = YES;
				GCC_WARN_UNUSED_VARIABLE = YES;
				IPHONEOS_DEPLOYMENT_TARGET = 17.0;
				MTL_ENABLE_DEBUG_INFO = NO;
				MTL_FAST_MATH = YES;
				PRODUCT_NAME = "$(TARGET_NAME)";
				SDKROOT = iphoneos;
				SWIFT_COMPILATION_MODE = wholemodule;
				SWIFT_OPTIMIZATION_LEVEL = "-O";
				SWIFT_VERSION = 5.0;
			};
			name = Release;
		};
		13DC5AB6C46BCEB52D8C628F /* Debug */ = {
			isa = XCBuildConfiguration;
			buildSettings = {
				ASSETCATALOG_COMPILER_APPICON_NAME = AppIcon;
				ASSETCATALOG_COMPILER_GLOBAL_ACCENT_COLOR_NAME = AccentColor;
				CODE_SIGN_IDENTITY = "iPhone Developer";
				CODE_SIGN_STYLE = Automatic;
				CURRENT_PROJECT_VERSION = 1;
				DEVELOPMENT_TEAM = H2TY9H4DPZ;
				ENABLE_USER_SCRIPT_SANDBOXING = YES;
				INFOPLIST_FILE = Leazr/Resources/Info.plist;
				IPHONEOS_DEPLOYMENT_TARGET = 17.0;
				LD_RUNPATH_SEARCH_PATHS = (
					"$(inherited)",
					"@executable_path/Frameworks",
				);
				MARKETING_VERSION = 2.0;
				PRODUCT_BUNDLE_IDENTIFIER = co.leazr.ios;
				PRODUCT_NAME = Leazr;
				SDKROOT = iphoneos;
				SWIFT_EMIT_LOC_STRINGS = YES;
				SWIFT_VERSION = 5.0;
				TARGETED_DEVICE_FAMILY = "1,2";
			};
			name = Debug;
		};
		144D7739AD57B728962EF7F2 /* Debug */ = {
			isa = XCBuildConfiguration;
			buildSettings = {
				ALWAYS_SEARCH_USER_PATHS = NO;
				CLANG_ANALYZER_NONNULL = YES;
				CLANG_ANALYZER_NUMBER_OBJECT_CONVERSION = YES_AGGRESSIVE;
				CLANG_CXX_LANGUAGE_STANDARD = "gnu++14";
				CLANG_CXX_LIBRARY = "libc++";
				CLANG_ENABLE_MODULES = YES;
				CLANG_ENABLE_OBJC_ARC = YES;
				CLANG_ENABLE_OBJC_WEAK = YES;
				CLANG_WARN_BLOCK_CAPTURE_AUTORELEASING = YES;
				CLANG_WARN_BOOL_CONVERSION = YES;
				CLANG_WARN_COMMA = YES;
				CLANG_WARN_CONSTANT_CONVERSION = YES;
				CLANG_WARN_DEPRECATED_OBJC_IMPLEMENTATIONS = YES;
				CLANG_WARN_DIRECT_OBJC_ISA_USAGE = YES_ERROR;
				CLANG_WARN_DOCUMENTATION_COMMENTS = YES;
				CLANG_WARN_EMPTY_BODY = YES;
				CLANG_WARN_ENUM_CONVERSION = YES;
				CLANG_WARN_INFINITE_RECURSION = YES;
				CLANG_WARN_INT_CONVERSION = YES;
				CLANG_WARN_NON_LITERAL_NULL_CONVERSION = YES;
				CLANG_WARN_OBJC_IMPLICIT_RETAIN_SELF = YES;
				CLANG_WARN_OBJC_LITERAL_CONVERSION = YES;
				CLANG_WARN_OBJC_ROOT_CLASS = YES_ERROR;
				CLANG_WARN_QUOTED_INCLUDE_IN_FRAMEWORK_HEADER = YES;
				CLANG_WARN_RANGE_LOOP_ANALYSIS = YES;
				CLANG_WARN_STRICT_PROTOTYPES = YES;
				CLANG_WARN_SUSPICIOUS_MOVE = YES;
				CLANG_WARN_UNGUARDED_AVAILABILITY = YES_AGGRESSIVE;
				CLANG_WARN_UNREACHABLE_CODE = YES;
				CLANG_WARN__DUPLICATE_METHOD_MATCH = YES;
				COPY_PHASE_STRIP = NO;
				DEBUG_INFORMATION_FORMAT = dwarf;
				ENABLE_STRICT_OBJC_MSGSEND = YES;
				ENABLE_TESTABILITY = YES;
				GCC_C_LANGUAGE_STANDARD = gnu11;
				GCC_DYNAMIC_NO_PIC = NO;
				GCC_NO_COMMON_BLOCKS = YES;
				GCC_OPTIMIZATION_LEVEL = 0;
				GCC_PREPROCESSOR_DEFINITIONS = (
					"$(inherited)",
					"DEBUG=1",
				);
				GCC_WARN_64_TO_32_BIT_CONVERSION = YES;
				GCC_WARN_ABOUT_RETURN_TYPE = YES_ERROR;
				GCC_WARN_UNDECLARED_SELECTOR = YES;
				GCC_WARN_UNINITIALIZED_AUTOS = YES_AGGRESSIVE;
				GCC_WARN_UNUSED_FUNCTION = YES;
				GCC_WARN_UNUSED_VARIABLE = YES;
				IPHONEOS_DEPLOYMENT_TARGET = 17.0;
				MTL_ENABLE_DEBUG_INFO = INCLUDE_SOURCE;
				MTL_FAST_MATH = YES;
				ONLY_ACTIVE_ARCH = YES;
				PRODUCT_NAME = "$(TARGET_NAME)";
				SDKROOT = iphoneos;
				SWIFT_ACTIVE_COMPILATION_CONDITIONS = DEBUG;
				SWIFT_OPTIMIZATION_LEVEL = "-Onone";
				SWIFT_VERSION = 5.0;
			};
			name = Debug;
		};
		CB52B3FAD0CE4D776FC7CDF3 /* Release */ = {
			isa = XCBuildConfiguration;
			buildSettings = {
				ASSETCATALOG_COMPILER_APPICON_NAME = AppIcon;
				ASSETCATALOG_COMPILER_GLOBAL_ACCENT_COLOR_NAME = AccentColor;
				CODE_SIGN_IDENTITY = "iPhone Developer";
				CODE_SIGN_STYLE = Automatic;
				CURRENT_PROJECT_VERSION = 1;
				DEVELOPMENT_TEAM = H2TY9H4DPZ;
				ENABLE_USER_SCRIPT_SANDBOXING = YES;
				INFOPLIST_FILE = Leazr/Resources/Info.plist;
				IPHONEOS_DEPLOYMENT_TARGET = 17.0;
				LD_RUNPATH_SEARCH_PATHS = (
					"$(inherited)",
					"@executable_path/Frameworks",
				);
				MARKETING_VERSION = 2.0;
				PRODUCT_BUNDLE_IDENTIFIER = co.leazr.ios;
				PRODUCT_NAME = Leazr;
				SDKROOT = iphoneos;
				SWIFT_EMIT_LOC_STRINGS = YES;
				SWIFT_VERSION = 5.0;
				TARGETED_DEVICE_FAMILY = "1,2";
			};
			name = Release;
		};
/* End XCBuildConfiguration section */

/* Begin XCConfigurationList section */
		590482B197CF49C6AFD4D415 /* Build configuration list for PBXNativeTarget "Leazr" */ = {
			isa = XCConfigurationList;
			buildConfigurations = (
				13DC5AB6C46BCEB52D8C628F /* Debug */,
				CB52B3FAD0CE4D776FC7CDF3 /* Release */,
			);
			defaultConfigurationIsVisible = 0;
			defaultConfigurationName = Debug;
		};
		D481FFA290EA10B1F4F71FAD /* Build configuration list for PBXProject "Leazr" */ = {
			isa = XCConfigurationList;
			buildConfigurations = (
				144D7739AD57B728962EF7F2 /* Debug */,
				115CC2E843F333B058A77DD9 /* Release */,
			);
			defaultConfigurationIsVisible = 0;
			defaultConfigurationName = Debug;
		};
/* End XCConfigurationList section */

/* Begin XCRemoteSwiftPackageReference section */
		3C15892B710D9BDE8403CA49 /* XCRemoteSwiftPackageReference "supabase-swift" */ = {
			isa = XCRemoteSwiftPackageReference;
			repositoryURL = "https://github.com/supabase/supabase-swift";
			requirement = {
				kind = upToNextMajorVersion;
				minimumVersion = 2.5.1;
			};
		};
/* End XCRemoteSwiftPackageReference section */

/* Begin XCSwiftPackageProductDependency section */
		8F17EC6B03D9F254EDAAB4A4 /* Supabase */ = {
			isa = XCSwiftPackageProductDependency;
			package = 3C15892B710D9BDE8403CA49 /* XCRemoteSwiftPackageReference "supabase-swift" */;
			productName = Supabase;
		};
/* End XCSwiftPackageProductDependency section */
	};
	rootObject = 9EBB879338440CEAF67CD1B5 /* Project object */;
}
